
Microsoft Visual Studio Solution File, Format Version 12.00
# Visual Studio Version 16
VisualStudioVersion = 16.0.31019.35
MinimumVisualStudioVersion = 10.0.40219.1
Project("{FAE04EC0-301F-11D3-BF4B-00C04F79EFBC}") = "QR Code generator", "QR Code generator.csproj", "{DA855A19-42CA-4366-BA33-E63B45792B4E}"
EndProject
Global
	GlobalSection(SolutionConfigurationPlatforms) = preSolution
		Debug|Any CPU = Debug|Any CPU
		Release|Any CPU = Release|Any CPU
	EndGlobalSection
	GlobalSection(ProjectConfigurationPlatforms) = postSolution
		{DA855A19-42CA-4366-BA33-E63B45792B4E}.Debug|Any CPU.ActiveCfg = Debug|Any CPU
		{DA855A19-42CA-4366-BA33-E63B45792B4E}.Debug|Any CPU.Build.0 = Debug|Any CPU
		{DA855A19-42CA-4366-BA33-E63B45792B4E}.Release|Any CPU.ActiveCfg = Release|Any CPU
		{DA855A19-42CA-4366-BA33-E63B45792B4E}.Release|Any CPU.Build.0 = Release|Any CPU
	EndGlobalSection
	GlobalSection(SolutionProperties) = preSolution
		HideSolutionNode = FALSE
	EndGlobalSection
	GlobalSection(ExtensibilityGlobals) = postSolution
		SolutionGuid = {FB15EE2A-2C2D-4E6D-8116-358F4BFD2550}
	EndGlobalSection
EndGlobal
