
Microsoft Visual Studio Solution File, Format Version 12.00
# Visual Studio Version 16
VisualStudioVersion = 16.0.30907.101
MinimumVisualStudioVersion = 10.0.40219.1
Project("{9A19103F-16F7-4668-BE54-9A1E7A4F7556}") = "new_calculator_gui_project", "new_calculator_gui_project\new_calculator_gui_project.csproj", "{B52F5F71-8428-4E81-8D0C-40794089A561}"
EndProject
Global
	GlobalSection(SolutionConfigurationPlatforms) = preSolution
		Debug|Any CPU = Debug|Any CPU
		Release|Any CPU = Release|Any CPU
	EndGlobalSection
	GlobalSection(ProjectConfigurationPlatforms) = postSolution
		{B52F5F71-8428-4E81-8D0C-40794089A561}.Debug|Any CPU.ActiveCfg = Debug|Any CPU
		{B52F5F71-8428-4E81-8D0C-40794089A561}.Debug|Any CPU.Build.0 = Debug|Any CPU
		{B52F5F71-8428-4E81-8D0C-40794089A561}.Release|Any CPU.ActiveCfg = Release|Any CPU
		{B52F5F71-8428-4E81-8D0C-40794089A561}.Release|Any CPU.Build.0 = Release|Any CPU
	EndGlobalSection
	GlobalSection(SolutionProperties) = preSolution
		HideSolutionNode = FALSE
	EndGlobalSection
	GlobalSection(ExtensibilityGlobals) = postSolution
		SolutionGuid = {8CF1820C-76AD-4B7C-A79B-F36F6CFD1CD4}
	EndGlobalSection
EndGlobal
